
Microsoft Visual Studio Solution File, Format Version 12.00
# Visual Studio Version 17
VisualStudioVersion = 17.7.34031.279
MinimumVisualStudioVersion = 10.0.40219.1
Project("{FAE04EC0-301F-11D3-BF4B-00C04F79EFBC}") = "28.3 pt2", "28.3 pt2\28.3 pt2.csproj", "{C184A3F6-86D4-4EC4-A49C-C780649C7BE5}"
EndProject
Global
	GlobalSection(SolutionConfigurationPlatforms) = preSolution
		Debug|Any CPU = Debug|Any CPU
		Release|Any CPU = Release|Any CPU
	EndGlobalSection
	GlobalSection(ProjectConfigurationPlatforms) = postSolution
		{C184A3F6-86D4-4EC4-A49C-C780649C7BE5}.Debug|Any CPU.ActiveCfg = Debug|Any CPU
		{C184A3F6-86D4-4EC4-A49C-C780649C7BE5}.Debug|Any CPU.Build.0 = Debug|Any CPU
		{C184A3F6-86D4-4EC4-A49C-C780649C7BE5}.Release|Any CPU.ActiveCfg = Release|Any CPU
		{C184A3F6-86D4-4EC4-A49C-C780649C7BE5}.Release|Any CPU.Build.0 = Release|Any CPU
	EndGlobalSection
	GlobalSection(SolutionProperties) = preSolution
		HideSolutionNode = FALSE
	EndGlobalSection
	GlobalSection(ExtensibilityGlobals) = postSolution
		SolutionGuid = {CBB4D3B8-6F26-449A-A722-ADE133639DD8}
	EndGlobalSection
EndGlobal
